# THIS IS AN AUTOGENERATED FILE. DO NOT EDIT THIS FILE DIRECTLY.
# yarn lockfile v1


typescript@^5.4.3:
  version "5.4.3"
  resolved "https://registry.npmjs.org/typescript/-/typescript-5.4.3.tgz"
  integrity sha512-KrPd3PKaCLr78MalgiwJnA25Nm8HAmdwN3mYUYZgG/wizIo9EainNVQI9/yDavtVFRN2h3k8uf3GLHuhDMgEHg==

undici@^6.10.2:
  version "6.10.2"
  resolved "https://registry.npmjs.org/undici/-/undici-6.10.2.tgz"
  integrity sha512-HcVuBy7ACaDejIMdwCzAvO22OsiE6ir6ziTIr9kAE0vB+PheVe29ZvRN8p7FXCO2uZHTjEoUs5bPiFpuc/hwwQ==

zod-validation-error@^3.0.3:
  version "3.0.3"
  resolved "https://registry.npmjs.org/zod-validation-error/-/zod-validation-error-3.0.3.tgz"
  integrity sha512-cETTrcMq3Ze58vhdR0zD37uJm/694I6mAxcf/ei5bl89cC++fBNxrC2z8lkFze/8hVMPwrbtrwXHR2LB50fpHw==

zod@^3.18.0, zod@^3.22.4:
  version "3.22.4"
  resolved "https://registry.npmjs.org/zod/-/zod-3.22.4.tgz"
  integrity sha512-iC+8Io04lddc+mVqQ9AZ7OQ2MrUKGN+oIQyq1vemgt46jwCwLfhq7/pwnBnNXXXZb8VTVLKwp9EDkx+ryxIWmg==
